<?xml version="1.0" encoding="utf-8"?>
<Project ToolsVersion="4.0" xmlns="http://schemas.microsoft.com/developer/msbuild/2003">
  <ItemGroup>
    <Filter Include="ソース ファイル">
      <UniqueIdentifier>{4FC737F1-C7A5-4376-A066-2A32D752A2FF}</UniqueIdentifier>
      <Extensions>cpp;c;cc;cxx;c++;cppm;ixx;def;odl;idl;hpj;bat;asm;asmx</Extensions>
    </Filter>
    <Filter Include="ヘッダー ファイル">
      <UniqueIdentifier>{93995380-89BD-4b04-88EB-625FBE52EBFB}</UniqueIdentifier>
      <Extensions>h;hh;hpp;hxx;h++;hm;inl;inc;ipp;xsd</Extensions>
    </Filter>
    <Filter Include="リソース ファイル">
      <UniqueIdentifier>{67DA6AB6-F800-4c08-8B7A-83BB121AAD01}</UniqueIdentifier>
      <Extensions>rc;ico;cur;bmp;dlg;rc2;rct;bin;rgs;gif;jpg;jpeg;jpe;resx;tiff;tif;png;wav;mfcribbon-ms</Extensions>
    </Filter>
    <Filter Include="ソース ファイル\問題9">
      <UniqueIdentifier>{ae22633a-4b84-42cc-9075-e55b5912c4a3}</UniqueIdentifier>
    </Filter>
    <Filter Include="ソース ファイル\問題1">
      <UniqueIdentifier>{908fb798-7071-4fb7-a3fb-7a845f9fedbe}</UniqueIdentifier>
    </Filter>
    <Filter Include="ソース ファイル\問題3">
      <UniqueIdentifier>{bb80b8dc-4d22-4f8f-8733-f3140fc8a2b1}</UniqueIdentifier>
    </Filter>
    <Filter Include="ソース ファイル\問題2">
      <UniqueIdentifier>{61959116-6b0f-4ed6-aeb3-a5ec58c7b2f7}</UniqueIdentifier>
    </Filter>
    <Filter Include="ヘッダー ファイル\問題9">
      <UniqueIdentifier>{3bd429e9-4bdb-4a5a-9341-6282ee8a0dff}</UniqueIdentifier>
    </Filter>
    <Filter Include="ヘッダー ファイル\問題2">
      <UniqueIdentifier>{fb4bc95a-fc0c-4f54-8636-2b18a0703953}</UniqueIdentifier>
    </Filter>
    <Filter Include="ソース ファイル\問題10">
      <UniqueIdentifier>{5448b477-709d-4ae8-a0d5-809ce8d8894a}</UniqueIdentifier>
    </Filter>
  </ItemGroup>
  <ItemGroup>
    <ClInclude Include="calc.h">
      <Filter>ヘッダー ファイル\問題2</Filter>
    </ClInclude>
    <ClInclude Include="janken.h">
      <Filter>ヘッダー ファイル\問題9</Filter>
    </ClInclude>
    <ClInclude Include="kazuate.h">
      <Filter>ヘッダー ファイル\問題9</Filter>
    </ClInclude>
  </ItemGroup>
</Project>